// !$*UTF8*$!
{
	archiveVersion = 1;
	classes = {
	};
	objectVersion = 46;
	objects = {

/* Begin PBXBuildFile section */
		1E1A2E121A8DD998008368F0 /* LeftMenuViewController.m in Sources */ = {isa = PBXBuildFile; fileRef = 1E1A2E0F1A8DD998008368F0 /* LeftMenuViewController.m */; };
		1E1A2E131A8DD998008368F0 /* RightMenuViewController.m in Sources */ = {isa = PBXBuildFile; fileRef = 1E1A2E111A8DD998008368F0 /* RightMenuViewController.m */; };
		1E1A2E1E1A8DE01B008368F0 /* CYRLayoutManager.m in Sources */ = {isa = PBXBuildFile; fileRef = 1E1A2E171A8DE01B008368F0 /* CYRLayoutManager.m */; };
		1E1A2E1F1A8DE01B008368F0 /* CYRTextStorage.m in Sources */ = {isa = PBXBuildFile; fileRef = 1E1A2E191A8DE01B008368F0 /* CYRTextStorage.m */; };
		1E1A2E201A8DE01B008368F0 /* CYRTextView.m in Sources */ = {isa = PBXBuildFile; fileRef = 1E1A2E1B1A8DE01B008368F0 /* CYRTextView.m */; };
		1E1A2E211A8DE01B008368F0 /* CYRToken.m in Sources */ = {isa = PBXBuildFile; fileRef = 1E1A2E1D1A8DE01B008368F0 /* CYRToken.m */; };
		1E1A2E241A8DE02A008368F0 /* QEDTextView.m in Sources */ = {isa = PBXBuildFile; fileRef = 1E1A2E231A8DE02A008368F0 /* QEDTextView.m */; };
		1E1A2E2B1A8DE281008368F0 /* CTest1.m in Sources */ = {isa = PBXBuildFile; fileRef = 1E1A2E2A1A8DE281008368F0 /* CTest1.m */; };
		1E1A2E2E1A8DE401008368F0 /* CCodeViewerVC.m in Sources */ = {isa = PBXBuildFile; fileRef = 1E1A2E2D1A8DE401008368F0 /* CCodeViewerVC.m */; };
		1E1A2E311A8DE466008368F0 /* ThirdViewController.m in Sources */ = {isa = PBXBuildFile; fileRef = 1E1A2E301A8DE466008368F0 /* ThirdViewController.m */; };
		1E435D7D1A8DF7630030523A /* Materials.m in Sources */ = {isa = PBXBuildFile; fileRef = 1E435D7C1A8DF7630030523A /* Materials.m */; };
		1E435D831A8DF9300030523A /* SyntaxHighlightTextStorage.m in Sources */ = {isa = PBXBuildFile; fileRef = 1E435D801A8DF9300030523A /* SyntaxHighlightTextStorage.m */; };
		1E435D841A8DF9300030523A /* TimeIndicatorView.m in Sources */ = {isa = PBXBuildFile; fileRef = 1E435D821A8DF9300030523A /* TimeIndicatorView.m */; };
		1E435D881A8DFB410030523A /* UIColor+Colorful.m in Sources */ = {isa = PBXBuildFile; fileRef = 1E435D871A8DFB410030523A /* UIColor+Colorful.m */; };
		1E4951B91A8DCCE600AA73CD /* RECommonFunctions.m in Sources */ = {isa = PBXBuildFile; fileRef = 1E4951B41A8DCCE600AA73CD /* RECommonFunctions.m */; };
		1E4951BA1A8DCCE600AA73CD /* RESideMenu.m in Sources */ = {isa = PBXBuildFile; fileRef = 1E4951B61A8DCCE600AA73CD /* RESideMenu.m */; };
		1E4951BB1A8DCCE600AA73CD /* UIViewController+RESideMenu.m in Sources */ = {isa = PBXBuildFile; fileRef = 1E4951B81A8DCCE600AA73CD /* UIViewController+RESideMenu.m */; };
		1E4951C11A8DCF3700AA73CD /* FirstViewController.m in Sources */ = {isa = PBXBuildFile; fileRef = 1E4951C01A8DCF3700AA73CD /* FirstViewController.m */; };
		1E4951C71A8DD0D600AA73CD /* SecondViewController.m in Sources */ = {isa = PBXBuildFile; fileRef = 1E4951C61A8DD0D600AA73CD /* SecondViewController.m */; };
		1E4951CA1A8DD15C00AA73CD /* RootViewController.m in Sources */ = {isa = PBXBuildFile; fileRef = 1E4951C91A8DD15C00AA73CD /* RootViewController.m */; };
		1E7F61431A908FE7000AD475 /* Boom.png in Resources */ = {isa = PBXBuildFile; fileRef = 1E7F61301A908FE7000AD475 /* Boom.png */; };
		1E7F61441A908FE7000AD475 /* Car1.png in Resources */ = {isa = PBXBuildFile; fileRef = 1E7F61311A908FE7000AD475 /* Car1.png */; };
		1E7F61451A908FE7000AD475 /* Car2.png in Resources */ = {isa = PBXBuildFile; fileRef = 1E7F61321A908FE7000AD475 /* Car2.png */; };
		1E7F61461A908FE7000AD475 /* Chart.png in Resources */ = {isa = PBXBuildFile; fileRef = 1E7F61331A908FE7000AD475 /* Chart.png */; };
		1E7F61471A908FE7000AD475 /* Deer1.png in Resources */ = {isa = PBXBuildFile; fileRef = 1E7F61341A908FE7000AD475 /* Deer1.png */; };
		1E7F61481A908FE7000AD475 /* Deer2.png in Resources */ = {isa = PBXBuildFile; fileRef = 1E7F61351A908FE7000AD475 /* Deer2.png */; };
		1E7F61491A908FE7000AD475 /* doc.png in Resources */ = {isa = PBXBuildFile; fileRef = 1E7F61361A908FE7000AD475 /* doc.png */; };
		1E7F614A1A908FE7000AD475 /* Dropper.png in Resources */ = {isa = PBXBuildFile; fileRef = 1E7F61371A908FE7000AD475 /* Dropper.png */; };
		1E7F614B1A908FE7000AD475 /* Fire.png in Resources */ = {isa = PBXBuildFile; fileRef = 1E7F61381A908FE7000AD475 /* Fire.png */; };
		1E7F614C1A908FE7000AD475 /* Hand1.png in Resources */ = {isa = PBXBuildFile; fileRef = 1E7F61391A908FE7000AD475 /* Hand1.png */; };
		1E7F614D1A908FE7000AD475 /* LeftMenu.png in Resources */ = {isa = PBXBuildFile; fileRef = 1E7F613A1A908FE7000AD475 /* LeftMenu.png */; };
		1E7F614E1A908FE7000AD475 /* MusicalNote.png in Resources */ = {isa = PBXBuildFile; fileRef = 1E7F613B1A908FE7000AD475 /* MusicalNote.png */; };
		1E7F614F1A908FE7000AD475 /* Phantom.png in Resources */ = {isa = PBXBuildFile; fileRef = 1E7F613C1A908FE7000AD475 /* Phantom.png */; };
		1E7F61501A908FE7000AD475 /* Phone.png in Resources */ = {isa = PBXBuildFile; fileRef = 1E7F613D1A908FE7000AD475 /* Phone.png */; };
		1E7F61511A908FE7000AD475 /* Popsicle.png in Resources */ = {isa = PBXBuildFile; fileRef = 1E7F613E1A908FE7000AD475 /* Popsicle.png */; };
		1E7F61521A908FE7000AD475 /* RightMenu.png in Resources */ = {isa = PBXBuildFile; fileRef = 1E7F613F1A908FE7000AD475 /* RightMenu.png */; };
		1E7F61531A908FE7000AD475 /* Robot.png in Resources */ = {isa = PBXBuildFile; fileRef = 1E7F61401A908FE7000AD475 /* Robot.png */; };
		1E7F61541A908FE7000AD475 /* ToiletPaper.png in Resources */ = {isa = PBXBuildFile; fileRef = 1E7F61411A908FE7000AD475 /* ToiletPaper.png */; };
		1E7F61551A908FE7000AD475 /* Tools.png in Resources */ = {isa = PBXBuildFile; fileRef = 1E7F61421A908FE7000AD475 /* Tools.png */; };
		1EB142391A8B3ACC000B3FA9 /* main.m in Sources */ = {isa = PBXBuildFile; fileRef = 1EB142381A8B3ACC000B3FA9 /* main.m */; };
		1EB1423C1A8B3ACC000B3FA9 /* AppDelegate.m in Sources */ = {isa = PBXBuildFile; fileRef = 1EB1423B1A8B3ACC000B3FA9 /* AppDelegate.m */; };
		1EB142421A8B3ACC000B3FA9 /* Main.storyboard in Resources */ = {isa = PBXBuildFile; fileRef = 1EB142401A8B3ACC000B3FA9 /* Main.storyboard */; };
		1EB142441A8B3ACC000B3FA9 /* Images.xcassets in Resources */ = {isa = PBXBuildFile; fileRef = 1EB142431A8B3ACC000B3FA9 /* Images.xcassets */; };
		1EB142471A8B3ACC000B3FA9 /* LaunchScreen.xib in Resources */ = {isa = PBXBuildFile; fileRef = 1EB142451A8B3ACC000B3FA9 /* LaunchScreen.xib */; };
		1EB142531A8B3ACC000B3FA9 /* iMEUMTests.m in Sources */ = {isa = PBXBuildFile; fileRef = 1EB142521A8B3ACC000B3FA9 /* iMEUMTests.m */; };
		1EDBD1001A8CAAA900DB5FDB /* BAENTabItem.m in Sources */ = {isa = PBXBuildFile; fileRef = 1EDBD0FD1A8CAAA900DB5FDB /* BAENTabItem.m */; };
		1EDBD1011A8CAAA900DB5FDB /* BAENTabView.m in Sources */ = {isa = PBXBuildFile; fileRef = 1EDBD0FF1A8CAAA900DB5FDB /* BAENTabView.m */; };
/* End PBXBuildFile section */

/* Begin PBXContainerItemProxy section */
		1EB1424D1A8B3ACC000B3FA9 /* PBXContainerItemProxy */ = {
			isa = PBXContainerItemProxy;
			containerPortal = 1EB1422B1A8B3ACC000B3FA9 /* Project object */;
			proxyType = 1;
			remoteGlobalIDString = 1EB142321A8B3ACC000B3FA9;
			remoteInfo = iMEUM;
		};
/* End PBXContainerItemProxy section */

/* Begin PBXFileReference section */
		1E1A2E0E1A8DD998008368F0 /* LeftMenuViewController.h */ = {isa = PBXFileReference; fileEncoding = 4; lastKnownFileType = sourcecode.c.h; path = LeftMenuViewController.h; sourceTree = "<group>"; };
		1E1A2E0F1A8DD998008368F0 /* LeftMenuViewController.m */ = {isa = PBXFileReference; fileEncoding = 4; lastKnownFileType = sourcecode.c.objc; path = LeftMenuViewController.m; sourceTree = "<group>"; };
		1E1A2E101A8DD998008368F0 /* RightMenuViewController.h */ = {isa = PBXFileReference; fileEncoding = 4; lastKnownFileType = sourcecode.c.h; path = RightMenuViewController.h; sourceTree = "<group>"; };
		1E1A2E111A8DD998008368F0 /* RightMenuViewController.m */ = {isa = PBXFileReference; fileEncoding = 4; lastKnownFileType = sourcecode.c.objc; path = RightMenuViewController.m; sourceTree = "<group>"; };
		1E1A2E161A8DE01B008368F0 /* CYRLayoutManager.h */ = {isa = PBXFileReference; fileEncoding = 4; lastKnownFileType = sourcecode.c.h; path = CYRLayoutManager.h; sourceTree = "<group>"; };
		1E1A2E171A8DE01B008368F0 /* CYRLayoutManager.m */ = {isa = PBXFileReference; fileEncoding = 4; lastKnownFileType = sourcecode.c.objc; path = CYRLayoutManager.m; sourceTree = "<group>"; };
		1E1A2E181A8DE01B008368F0 /* CYRTextStorage.h */ = {isa = PBXFileReference; fileEncoding = 4; lastKnownFileType = sourcecode.c.h; path = CYRTextStorage.h; sourceTree = "<group>"; };
		1E1A2E191A8DE01B008368F0 /* CYRTextStorage.m */ = {isa = PBXFileReference; fileEncoding = 4; lastKnownFileType = sourcecode.c.objc; path = CYRTextStorage.m; sourceTree = "<group>"; };
		1E1A2E1A1A8DE01B008368F0 /* CYRTextView.h */ = {isa = PBXFileReference; fileEncoding = 4; lastKnownFileType = sourcecode.c.h; path = CYRTextView.h; sourceTree = "<group>"; };
		1E1A2E1B1A8DE01B008368F0 /* CYRTextView.m */ = {isa = PBXFileReference; fileEncoding = 4; lastKnownFileType = sourcecode.c.objc; path = CYRTextView.m; sourceTree = "<group>"; };
		1E1A2E1C1A8DE01B008368F0 /* CYRToken.h */ = {isa = PBXFileReference; fileEncoding = 4; lastKnownFileType = sourcecode.c.h; path = CYRToken.h; sourceTree = "<group>"; };
		1E1A2E1D1A8DE01B008368F0 /* CYRToken.m */ = {isa = PBXFileReference; fileEncoding = 4; lastKnownFileType = sourcecode.c.objc; path = CYRToken.m; sourceTree = "<group>"; };
		1E1A2E221A8DE02A008368F0 /* QEDTextView.h */ = {isa = PBXFileReference; fileEncoding = 4; lastKnownFileType = sourcecode.c.h; path = QEDTextView.h; sourceTree = "<group>"; };
		1E1A2E231A8DE02A008368F0 /* QEDTextView.m */ = {isa = PBXFileReference; fileEncoding = 4; lastKnownFileType = sourcecode.c.objc; path = QEDTextView.m; sourceTree = "<group>"; };
		1E1A2E291A8DE281008368F0 /* CTest1.h */ = {isa = PBXFileReference; fileEncoding = 4; lastKnownFileType = sourcecode.c.h; path = CTest1.h; sourceTree = "<group>"; };
		1E1A2E2A1A8DE281008368F0 /* CTest1.m */ = {isa = PBXFileReference; fileEncoding = 4; lastKnownFileType = sourcecode.c.objc; path = CTest1.m; sourceTree = "<group>"; };
		1E1A2E2C1A8DE401008368F0 /* CCodeViewerVC.h */ = {isa = PBXFileReference; fileEncoding = 4; lastKnownFileType = sourcecode.c.h; path = CCodeViewerVC.h; sourceTree = "<group>"; };
		1E1A2E2D1A8DE401008368F0 /* CCodeViewerVC.m */ = {isa = PBXFileReference; fileEncoding = 4; lastKnownFileType = sourcecode.c.objc; path = CCodeViewerVC.m; sourceTree = "<group>"; };
		1E1A2E2F1A8DE466008368F0 /* ThirdViewController.h */ = {isa = PBXFileReference; fileEncoding = 4; lastKnownFileType = sourcecode.c.h; path = ThirdViewController.h; sourceTree = "<group>"; };
		1E1A2E301A8DE466008368F0 /* ThirdViewController.m */ = {isa = PBXFileReference; fileEncoding = 4; lastKnownFileType = sourcecode.c.objc; path = ThirdViewController.m; sourceTree = "<group>"; };
		1E435D7B1A8DF7630030523A /* Materials.h */ = {isa = PBXFileReference; fileEncoding = 4; lastKnownFileType = sourcecode.c.h; path = Materials.h; sourceTree = "<group>"; };
		1E435D7C1A8DF7630030523A /* Materials.m */ = {isa = PBXFileReference; fileEncoding = 4; lastKnownFileType = sourcecode.c.objc; path = Materials.m; sourceTree = "<group>"; };
		1E435D7F1A8DF9300030523A /* SyntaxHighlightTextStorage.h */ = {isa = PBXFileReference; fileEncoding = 4; lastKnownFileType = sourcecode.c.h; path = SyntaxHighlightTextStorage.h; sourceTree = "<group>"; };
		1E435D801A8DF9300030523A /* SyntaxHighlightTextStorage.m */ = {isa = PBXFileReference; fileEncoding = 4; lastKnownFileType = sourcecode.c.objc; path = SyntaxHighlightTextStorage.m; sourceTree = "<group>"; };
		1E435D811A8DF9300030523A /* TimeIndicatorView.h */ = {isa = PBXFileReference; fileEncoding = 4; lastKnownFileType = sourcecode.c.h; path = TimeIndicatorView.h; sourceTree = "<group>"; };
		1E435D821A8DF9300030523A /* TimeIndicatorView.m */ = {isa = PBXFileReference; fileEncoding = 4; lastKnownFileType = sourcecode.c.objc; path = TimeIndicatorView.m; sourceTree = "<group>"; };
		1E435D861A8DFB410030523A /* UIColor+Colorful.h */ = {isa = PBXFileReference; fileEncoding = 4; lastKnownFileType = sourcecode.c.h; path = "UIColor+Colorful.h"; sourceTree = "<group>"; };
		1E435D871A8DFB410030523A /* UIColor+Colorful.m */ = {isa = PBXFileReference; fileEncoding = 4; lastKnownFileType = sourcecode.c.objc; path = "UIColor+Colorful.m"; sourceTree = "<group>"; };
		1E4951B31A8DCCE600AA73CD /* RECommonFunctions.h */ = {isa = PBXFileReference; fileEncoding = 4; lastKnownFileType = sourcecode.c.h; path = RECommonFunctions.h; sourceTree = "<group>"; };
		1E4951B41A8DCCE600AA73CD /* RECommonFunctions.m */ = {isa = PBXFileReference; fileEncoding = 4; lastKnownFileType = sourcecode.c.objc; path = RECommonFunctions.m; sourceTree = "<group>"; };
		1E4951B51A8DCCE600AA73CD /* RESideMenu.h */ = {isa = PBXFileReference; fileEncoding = 4; lastKnownFileType = sourcecode.c.h; path = RESideMenu.h; sourceTree = "<group>"; };
		1E4951B61A8DCCE600AA73CD /* RESideMenu.m */ = {isa = PBXFileReference; fileEncoding = 4; lastKnownFileType = sourcecode.c.objc; path = RESideMenu.m; sourceTree = "<group>"; };
		1E4951B71A8DCCE600AA73CD /* UIViewController+RESideMenu.h */ = {isa = PBXFileReference; fileEncoding = 4; lastKnownFileType = sourcecode.c.h; path = "UIViewController+RESideMenu.h"; sourceTree = "<group>"; };
		1E4951B81A8DCCE600AA73CD /* UIViewController+RESideMenu.m */ = {isa = PBXFileReference; fileEncoding = 4; lastKnownFileType = sourcecode.c.objc; path = "UIViewController+RESideMenu.m"; sourceTree = "<group>"; };
		1E4951BF1A8DCF3700AA73CD /* FirstViewController.h */ = {isa = PBXFileReference; fileEncoding = 4; lastKnownFileType = sourcecode.c.h; path = FirstViewController.h; sourceTree = "<group>"; };
		1E4951C01A8DCF3700AA73CD /* FirstViewController.m */ = {isa = PBXFileReference; fileEncoding = 4; lastKnownFileType = sourcecode.c.objc; path = FirstViewController.m; sourceTree = "<group>"; };
		1E4951C51A8DD0D600AA73CD /* SecondViewController.h */ = {isa = PBXFileReference; fileEncoding = 4; lastKnownFileType = sourcecode.c.h; path = SecondViewController.h; sourceTree = "<group>"; };
		1E4951C61A8DD0D600AA73CD /* SecondViewController.m */ = {isa = PBXFileReference; fileEncoding = 4; lastKnownFileType = sourcecode.c.objc; path = SecondViewController.m; sourceTree = "<group>"; };
		1E4951C81A8DD15C00AA73CD /* RootViewController.h */ = {isa = PBXFileReference; fileEncoding = 4; lastKnownFileType = sourcecode.c.h; path = RootViewController.h; sourceTree = "<group>"; };
		1E4951C91A8DD15C00AA73CD /* RootViewController.m */ = {isa = PBXFileReference; fileEncoding = 4; lastKnownFileType = sourcecode.c.objc; path = RootViewController.m; sourceTree = "<group>"; };
		1E7F61301A908FE7000AD475 /* Boom.png */ = {isa = PBXFileReference; lastKnownFileType = image.png; path = Boom.png; sourceTree = "<group>"; };
		1E7F61311A908FE7000AD475 /* Car1.png */ = {isa = PBXFileReference; lastKnownFileType = image.png; path = Car1.png; sourceTree = "<group>"; };
		1E7F61321A908FE7000AD475 /* Car2.png */ = {isa = PBXFileReference; lastKnownFileType = image.png; path = Car2.png; sourceTree = "<group>"; };
		1E7F61331A908FE7000AD475 /* Chart.png */ = {isa = PBXFileReference; lastKnownFileType = image.png; path = Chart.png; sourceTree = "<group>"; };
		1E7F61341A908FE7000AD475 /* Deer1.png */ = {isa = PBXFileReference; lastKnownFileType = image.png; path = Deer1.png; sourceTree = "<group>"; };
		1E7F61351A908FE7000AD475 /* Deer2.png */ = {isa = PBXFileReference; lastKnownFileType = image.png; path = Deer2.png; sourceTree = "<group>"; };
		1E7F61361A908FE7000AD475 /* doc.png */ = {isa = PBXFileReference; lastKnownFileType = image.png; path = doc.png; sourceTree = "<group>"; };
		1E7F61371A908FE7000AD475 /* Dropper.png */ = {isa = PBXFileReference; lastKnownFileType = image.png; path = Dropper.png; sourceTree = "<group>"; };
		1E7F61381A908FE7000AD475 /* Fire.png */ = {isa = PBXFileReference; lastKnownFileType = image.png; path = Fire.png; sourceTree = "<group>"; };
		1E7F61391A908FE7000AD475 /* Hand1.png */ = {isa = PBXFileReference; lastKnownFileType = image.png; path = Hand1.png; sourceTree = "<group>"; };
		1E7F613A1A908FE7000AD475 /* LeftMenu.png */ = {isa = PBXFileReference; lastKnownFileType = image.png; path = LeftMenu.png; sourceTree = "<group>"; };
		1E7F613B1A908FE7000AD475 /* MusicalNote.png */ = {isa = PBXFileReference; lastKnownFileType = image.png; path = MusicalNote.png; sourceTree = "<group>"; };
		1E7F613C1A908FE7000AD475 /* Phantom.png */ = {isa = PBXFileReference; lastKnownFileType = image.png; path = Phantom.png; sourceTree = "<group>"; };
		1E7F613D1A908FE7000AD475 /* Phone.png */ = {isa = PBXFileReference; lastKnownFileType = image.png; path = Phone.png; sourceTree = "<group>"; };
		1E7F613E1A908FE7000AD475 /* Popsicle.png */ = {isa = PBXFileReference; lastKnownFileType = image.png; path = Popsicle.png; sourceTree = "<group>"; };
		1E7F613F1A908FE7000AD475 /* RightMenu.png */ = {isa = PBXFileReference; lastKnownFileType = image.png; path = RightMenu.png; sourceTree = "<group>"; };
		1E7F61401A908FE7000AD475 /* Robot.png */ = {isa = PBXFileReference; lastKnownFileType = image.png; path = Robot.png; sourceTree = "<group>"; };
		1E7F61411A908FE7000AD475 /* ToiletPaper.png */ = {isa = PBXFileReference; lastKnownFileType = image.png; path = ToiletPaper.png; sourceTree = "<group>"; };
		1E7F61421A908FE7000AD475 /* Tools.png */ = {isa = PBXFileReference; lastKnownFileType = image.png; path = Tools.png; sourceTree = "<group>"; };
		1EB142331A8B3ACC000B3FA9 /* iMEUM.app */ = {isa = PBXFileReference; explicitFileType = wrapper.application; includeInIndex = 0; path = iMEUM.app; sourceTree = BUILT_PRODUCTS_DIR; };
		1EB142371A8B3ACC000B3FA9 /* Info.plist */ = {isa = PBXFileReference; lastKnownFileType = text.plist.xml; path = Info.plist; sourceTree = "<group>"; };
		1EB142381A8B3ACC000B3FA9 /* main.m */ = {isa = PBXFileReference; lastKnownFileType = sourcecode.c.objc; path = main.m; sourceTree = "<group>"; };
		1EB1423A1A8B3ACC000B3FA9 /* AppDelegate.h */ = {isa = PBXFileReference; lastKnownFileType = sourcecode.c.h; path = AppDelegate.h; sourceTree = "<group>"; };
		1EB1423B1A8B3ACC000B3FA9 /* AppDelegate.m */ = {isa = PBXFileReference; lastKnownFileType = sourcecode.c.objc; path = AppDelegate.m; sourceTree = "<group>"; };
		1EB142411A8B3ACC000B3FA9 /* Base */ = {isa = PBXFileReference; lastKnownFileType = file.storyboard; name = Base; path = Base.lproj/Main.storyboard; sourceTree = "<group>"; };
		1EB142431A8B3ACC000B3FA9 /* Images.xcassets */ = {isa = PBXFileReference; lastKnownFileType = folder.assetcatalog; path = Images.xcassets; sourceTree = "<group>"; };
		1EB142461A8B3ACC000B3FA9 /* Base */ = {isa = PBXFileReference; lastKnownFileType = file.xib; name = Base; path = Base.lproj/LaunchScreen.xib; sourceTree = "<group>"; };
		1EB1424C1A8B3ACC000B3FA9 /* iMEUMTests.xctest */ = {isa = PBXFileReference; explicitFileType = wrapper.cfbundle; includeInIndex = 0; path = iMEUMTests.xctest; sourceTree = BUILT_PRODUCTS_DIR; };
		1EB142511A8B3ACC000B3FA9 /* Info.plist */ = {isa = PBXFileReference; lastKnownFileType = text.plist.xml; path = Info.plist; sourceTree = "<group>"; };
		1EB142521A8B3ACC000B3FA9 /* iMEUMTests.m */ = {isa = PBXFileReference; lastKnownFileType = sourcecode.c.objc; path = iMEUMTests.m; sourceTree = "<group>"; };
		1EDBD0FC1A8CAAA900DB5FDB /* BAENTabItem.h */ = {isa = PBXFileReference; fileEncoding = 4; lastKnownFileType = sourcecode.c.h; path = BAENTabItem.h; sourceTree = "<group>"; };
		1EDBD0FD1A8CAAA900DB5FDB /* BAENTabItem.m */ = {isa = PBXFileReference; fileEncoding = 4; lastKnownFileType = sourcecode.c.objc; path = BAENTabItem.m; sourceTree = "<group>"; };
		1EDBD0FE1A8CAAA900DB5FDB /* BAENTabView.h */ = {isa = PBXFileReference; fileEncoding = 4; lastKnownFileType = sourcecode.c.h; path = BAENTabView.h; sourceTree = "<group>"; };
		1EDBD0FF1A8CAAA900DB5FDB /* BAENTabView.m */ = {isa = PBXFileReference; fileEncoding = 4; lastKnownFileType = sourcecode.c.objc; path = BAENTabView.m; sourceTree = "<group>"; };
/* End PBXFileReference section */

/* Begin PBXFrameworksBuildPhase section */
		1EB142301A8B3ACC000B3FA9 /* Frameworks */ = {
			isa = PBXFrameworksBuildPhase;
			buildActionMask = 2147483647;
			files = (
			);
			runOnlyForDeploymentPostprocessing = 0;
		};
		1EB142491A8B3ACC000B3FA9 /* Frameworks */ = {
			isa = PBXFrameworksBuildPhase;
			buildActionMask = 2147483647;
			files = (
			);
			runOnlyForDeploymentPostprocessing = 0;
		};
/* End PBXFrameworksBuildPhase section */

/* Begin PBXGroup section */
		1E1A2E0D1A8DD998008368F0 /* Menus */ = {
			isa = PBXGroup;
			children = (
				1E1A2E0E1A8DD998008368F0 /* LeftMenuViewController.h */,
				1E1A2E0F1A8DD998008368F0 /* LeftMenuViewController.m */,
				1E1A2E101A8DD998008368F0 /* RightMenuViewController.h */,
				1E1A2E111A8DD998008368F0 /* RightMenuViewController.m */,
			);
			path = Menus;
			sourceTree = "<group>";
		};
		1E1A2E141A8DE01B008368F0 /* CodeViewer */ = {
			isa = PBXGroup;
			children = (
				1E1A2E221A8DE02A008368F0 /* QEDTextView.h */,
				1E1A2E231A8DE02A008368F0 /* QEDTextView.m */,
				1E1A2E151A8DE01B008368F0 /* CYRTextView */,
			);
			path = CodeViewer;
			sourceTree = "<group>";
		};
		1E1A2E151A8DE01B008368F0 /* CYRTextView */ = {
			isa = PBXGroup;
			children = (
				1E1A2E161A8DE01B008368F0 /* CYRLayoutManager.h */,
				1E1A2E171A8DE01B008368F0 /* CYRLayoutManager.m */,
				1E1A2E181A8DE01B008368F0 /* CYRTextStorage.h */,
				1E1A2E191A8DE01B008368F0 /* CYRTextStorage.m */,
				1E1A2E1A1A8DE01B008368F0 /* CYRTextView.h */,
				1E1A2E1B1A8DE01B008368F0 /* CYRTextView.m */,
				1E1A2E1C1A8DE01B008368F0 /* CYRToken.h */,
				1E1A2E1D1A8DE01B008368F0 /* CYRToken.m */,
			);
			path = CYRTextView;
			sourceTree = "<group>";
		};
		1E1A2E281A8DE268008368F0 /* CTests */ = {
			isa = PBXGroup;
			children = (
				1E1A2E2C1A8DE401008368F0 /* CCodeViewerVC.h */,
				1E1A2E2D1A8DE401008368F0 /* CCodeViewerVC.m */,
				1E1A2E291A8DE281008368F0 /* CTest1.h */,
				1E1A2E2A1A8DE281008368F0 /* CTest1.m */,
			);
			path = CTests;
			sourceTree = "<group>";
		};
		1E435D7A1A8DF74A0030523A /* TalkMaterials */ = {
			isa = PBXGroup;
			children = (
				1E435D7B1A8DF7630030523A /* Materials.h */,
				1E435D7C1A8DF7630030523A /* Materials.m */,
			);
			path = TalkMaterials;
			sourceTree = "<group>";
		};
		1E435D7E1A8DF9300030523A /* CoreText */ = {
			isa = PBXGroup;
			children = (
				1E435D7F1A8DF9300030523A /* SyntaxHighlightTextStorage.h */,
				1E435D801A8DF9300030523A /* SyntaxHighlightTextStorage.m */,
				1E435D811A8DF9300030523A /* TimeIndicatorView.h */,
				1E435D821A8DF9300030523A /* TimeIndicatorView.m */,
			);
			path = CoreText;
			sourceTree = "<group>";
		};
		1E435D851A8DFB410030523A /* UIKit+Custom */ = {
			isa = PBXGroup;
			children = (
				1E435D861A8DFB410030523A /* UIColor+Colorful.h */,
				1E435D871A8DFB410030523A /* UIColor+Colorful.m */,
			);
			path = "UIKit+Custom";
			sourceTree = "<group>";
		};
		1E4951B11A8DCC0700AA73CD /* 3rd */ = {
			isa = PBXGroup;
			children = (
				1E1A2E141A8DE01B008368F0 /* CodeViewer */,
				1E4951B21A8DCCE600AA73CD /* RESideMenu */,
			);
			path = 3rd;
			sourceTree = "<group>";
		};
		1E4951B21A8DCCE600AA73CD /* RESideMenu */ = {
			isa = PBXGroup;
			children = (
				1E4951B31A8DCCE600AA73CD /* RECommonFunctions.h */,
				1E4951B41A8DCCE600AA73CD /* RECommonFunctions.m */,
				1E4951B51A8DCCE600AA73CD /* RESideMenu.h */,
				1E4951B61A8DCCE600AA73CD /* RESideMenu.m */,
				1E4951B71A8DCCE600AA73CD /* UIViewController+RESideMenu.h */,
				1E4951B81A8DCCE600AA73CD /* UIViewController+RESideMenu.m */,
			);
			path = RESideMenu;
			sourceTree = "<group>";
		};
		1E4951BE1A8DCF0E00AA73CD /* GWClasses */ = {
			isa = PBXGroup;
			children = (
				1E435D7A1A8DF74A0030523A /* TalkMaterials */,
				1E1A2E281A8DE268008368F0 /* CTests */,
				1E1A2E0D1A8DD998008368F0 /* Menus */,
				1E4951BF1A8DCF3700AA73CD /* FirstViewController.h */,
				1E4951C01A8DCF3700AA73CD /* FirstViewController.m */,
				1E4951C51A8DD0D600AA73CD /* SecondViewController.h */,
				1E4951C61A8DD0D600AA73CD /* SecondViewController.m */,
				1E4951C81A8DD15C00AA73CD /* RootViewController.h */,
				1E4951C91A8DD15C00AA73CD /* RootViewController.m */,
				1E1A2E2F1A8DE466008368F0 /* ThirdViewController.h */,
				1E1A2E301A8DE466008368F0 /* ThirdViewController.m */,
			);
			path = GWClasses;
			sourceTree = "<group>";
		};
		1E7F612F1A908FE7000AD475 /* Images */ = {
			isa = PBXGroup;
			children = (
				1E7F61301A908FE7000AD475 /* Boom.png */,
				1E7F61311A908FE7000AD475 /* Car1.png */,
				1E7F61321A908FE7000AD475 /* Car2.png */,
				1E7F61331A908FE7000AD475 /* Chart.png */,
				1E7F61341A908FE7000AD475 /* Deer1.png */,
				1E7F61351A908FE7000AD475 /* Deer2.png */,
				1E7F61361A908FE7000AD475 /* doc.png */,
				1E7F61371A908FE7000AD475 /* Dropper.png */,
				1E7F61381A908FE7000AD475 /* Fire.png */,
				1E7F61391A908FE7000AD475 /* Hand1.png */,
				1E7F613A1A908FE7000AD475 /* LeftMenu.png */,
				1E7F613B1A908FE7000AD475 /* MusicalNote.png */,
				1E7F613C1A908FE7000AD475 /* Phantom.png */,
				1E7F613D1A908FE7000AD475 /* Phone.png */,
				1E7F613E1A908FE7000AD475 /* Popsicle.png */,
				1E7F613F1A908FE7000AD475 /* RightMenu.png */,
				1E7F61401A908FE7000AD475 /* Robot.png */,
				1E7F61411A908FE7000AD475 /* ToiletPaper.png */,
				1E7F61421A908FE7000AD475 /* Tools.png */,
			);
			path = Images;
			sourceTree = "<group>";
		};
		1EB1422A1A8B3ACC000B3FA9 = {
			isa = PBXGroup;
			children = (
				1EB142351A8B3ACC000B3FA9 /* iMEUM */,
				1EB1424F1A8B3ACC000B3FA9 /* iMEUMTests */,
				1EB142341A8B3ACC000B3FA9 /* Products */,
			);
			sourceTree = "<group>";
		};
		1EB142341A8B3ACC000B3FA9 /* Products */ = {
			isa = PBXGroup;
			children = (
				1EB142331A8B3ACC000B3FA9 /* iMEUM.app */,
				1EB1424C1A8B3ACC000B3FA9 /* iMEUMTests.xctest */,
			);
			name = Products;
			sourceTree = "<group>";
		};
		1EB142351A8B3ACC000B3FA9 /* iMEUM */ = {
			isa = PBXGroup;
			children = (
				1E4951BE1A8DCF0E00AA73CD /* GWClasses */,
				1E4951B11A8DCC0700AA73CD /* 3rd */,
				1EDBD1021A8CABD600DB5FDB /* Resources */,
				1EDBD0FA1A8CAA9300DB5FDB /* LoiLib */,
				1EB1423A1A8B3ACC000B3FA9 /* AppDelegate.h */,
				1EB1423B1A8B3ACC000B3FA9 /* AppDelegate.m */,
				1EB142401A8B3ACC000B3FA9 /* Main.storyboard */,
				1EB142431A8B3ACC000B3FA9 /* Images.xcassets */,
				1EB142451A8B3ACC000B3FA9 /* LaunchScreen.xib */,
				1EB142361A8B3ACC000B3FA9 /* Supporting Files */,
			);
			path = iMEUM;
			sourceTree = "<group>";
		};
		1EB142361A8B3ACC000B3FA9 /* Supporting Files */ = {
			isa = PBXGroup;
			children = (
				1EB142371A8B3ACC000B3FA9 /* Info.plist */,
				1EB142381A8B3ACC000B3FA9 /* main.m */,
			);
			name = "Supporting Files";
			sourceTree = "<group>";
		};
		1EB1424F1A8B3ACC000B3FA9 /* iMEUMTests */ = {
			isa = PBXGroup;
			children = (
				1EB142521A8B3ACC000B3FA9 /* iMEUMTests.m */,
				1EB142501A8B3ACC000B3FA9 /* Supporting Files */,
			);
			path = iMEUMTests;
			sourceTree = "<group>";
		};
		1EB142501A8B3ACC000B3FA9 /* Supporting Files */ = {
			isa = PBXGroup;
			children = (
				1EB142511A8B3ACC000B3FA9 /* Info.plist */,
			);
			name = "Supporting Files";
			sourceTree = "<group>";
		};
		1EDBD0FA1A8CAA9300DB5FDB /* LoiLib */ = {
			isa = PBXGroup;
			children = (
				1E435D851A8DFB410030523A /* UIKit+Custom */,
				1E435D7E1A8DF9300030523A /* CoreText */,
				1EDBD0FB1A8CAAA900DB5FDB /* Tabs */,
			);
			path = LoiLib;
			sourceTree = "<group>";
		};
		1EDBD0FB1A8CAAA900DB5FDB /* Tabs */ = {
			isa = PBXGroup;
			children = (
				1EDBD0FC1A8CAAA900DB5FDB /* BAENTabItem.h */,
				1EDBD0FD1A8CAAA900DB5FDB /* BAENTabItem.m */,
				1EDBD0FE1A8CAAA900DB5FDB /* BAENTabView.h */,
				1EDBD0FF1A8CAAA900DB5FDB /* BAENTabView.m */,
			);
			path = Tabs;
			sourceTree = "<group>";
		};
		1EDBD1021A8CABD600DB5FDB /* Resources */ = {
			isa = PBXGroup;
			children = (
				1E7F612F1A908FE7000AD475 /* Images */,
			);
			path = Resources;
			sourceTree = "<group>";
		};
/* End PBXGroup section */

/* Begin PBXNativeTarget section */
		1EB142321A8B3ACC000B3FA9 /* iMEUM */ = {
			isa = PBXNativeTarget;
			buildConfigurationList = 1EB142561A8B3ACC000B3FA9 /* Build configuration list for PBXNativeTarget "iMEUM" */;
			buildPhases = (
				1EB1422F1A8B3ACC000B3FA9 /* Sources */,
				1EB142301A8B3ACC000B3FA9 /* Frameworks */,
				1EB142311A8B3ACC000B3FA9 /* Resources */,
				1E435D791A8DF56D0030523A /* ShellScript */,
			);
			buildRules = (
			);
			dependencies = (
			);
			name = iMEUM;
			productName = iMEUM;
			productReference = 1EB142331A8B3ACC000B3FA9 /* iMEUM.app */;
			productType = "com.apple.product-type.application";
		};
		1EB1424B1A8B3ACC000B3FA9 /* iMEUMTests */ = {
			isa = PBXNativeTarget;
			buildConfigurationList = 1EB142591A8B3ACC000B3FA9 /* Build configuration list for PBXNativeTarget "iMEUMTests" */;
			buildPhases = (
				1EB142481A8B3ACC000B3FA9 /* Sources */,
				1EB142491A8B3ACC000B3FA9 /* Frameworks */,
				1EB1424A1A8B3ACC000B3FA9 /* Resources */,
			);
			buildRules = (
			);
			dependencies = (
				1EB1424E1A8B3ACC000B3FA9 /* PBXTargetDependency */,
			);
			name = iMEUMTests;
			productName = iMEUMTests;
			productReference = 1EB1424C1A8B3ACC000B3FA9 /* iMEUMTests.xctest */;
			productType = "com.apple.product-type.bundle.unit-test";
		};
/* End PBXNativeTarget section */

/* Begin PBXProject section */
		1EB1422B1A8B3ACC000B3FA9 /* Project object */ = {
			isa = PBXProject;
			attributes = {
				LastUpgradeCheck = 0610;
				ORGANIZATIONNAME = GWrabbit;
				TargetAttributes = {
					1EB142321A8B3ACC000B3FA9 = {
						CreatedOnToolsVersion = 6.1.1;
					};
					1EB1424B1A8B3ACC000B3FA9 = {
						CreatedOnToolsVersion = 6.1.1;
						TestTargetID = 1EB142321A8B3ACC000B3FA9;
					};
				};
			};
			buildConfigurationList = 1EB1422E1A8B3ACC000B3FA9 /* Build configuration list for PBXProject "iMEUM" */;
			compatibilityVersion = "Xcode 3.2";
			developmentRegion = English;
			hasScannedForEncodings = 0;
			knownRegions = (
				en,
				Base,
			);
			mainGroup = 1EB1422A1A8B3ACC000B3FA9;
			productRefGroup = 1EB142341A8B3ACC000B3FA9 /* Products */;
			projectDirPath = "";
			projectRoot = "";
			targets = (
				1EB142321A8B3ACC000B3FA9 /* iMEUM */,
				1EB1424B1A8B3ACC000B3FA9 /* iMEUMTests */,
			);
		};
/* End PBXProject section */

/* Begin PBXResourcesBuildPhase section */
		1EB142311A8B3ACC000B3FA9 /* Resources */ = {
			isa = PBXResourcesBuildPhase;
			buildActionMask = 2147483647;
			files = (
				1E7F61491A908FE7000AD475 /* doc.png in Resources */,
				1E7F614A1A908FE7000AD475 /* Dropper.png in Resources */,
				1E7F61531A908FE7000AD475 /* Robot.png in Resources */,
				1E7F61431A908FE7000AD475 /* Boom.png in Resources */,
				1E7F61501A908FE7000AD475 /* Phone.png in Resources */,
				1E7F61461A908FE7000AD475 /* Chart.png in Resources */,
				1EB142421A8B3ACC000B3FA9 /* Main.storyboard in Resources */,
				1E7F614F1A908FE7000AD475 /* Phantom.png in Resources */,
				1E7F61441A908FE7000AD475 /* Car1.png in Resources */,
				1E7F61451A908FE7000AD475 /* Car2.png in Resources */,
				1E7F61481A908FE7000AD475 /* Deer2.png in Resources */,
				1E7F61541A908FE7000AD475 /* ToiletPaper.png in Resources */,
				1E7F61511A908FE7000AD475 /* Popsicle.png in Resources */,
				1E7F614E1A908FE7000AD475 /* MusicalNote.png in Resources */,
				1E7F61471A908FE7000AD475 /* Deer1.png in Resources */,
				1E7F61551A908FE7000AD475 /* Tools.png in Resources */,
				1E7F614B1A908FE7000AD475 /* Fire.png in Resources */,
				1E7F61521A908FE7000AD475 /* RightMenu.png in Resources */,
				1EB142471A8B3ACC000B3FA9 /* LaunchScreen.xib in Resources */,
				1E7F614D1A908FE7000AD475 /* LeftMenu.png in Resources */,
				1EB142441A8B3ACC000B3FA9 /* Images.xcassets in Resources */,
				1E7F614C1A908FE7000AD475 /* Hand1.png in Resources */,
			);
			runOnlyForDeploymentPostprocessing = 0;
		};
		1EB1424A1A8B3ACC000B3FA9 /* Resources */ = {
			isa = PBXResourcesBuildPhase;
			buildActionMask = 2147483647;
			files = (
			);
			runOnlyForDeploymentPostprocessing = 0;
		};
/* End PBXResourcesBuildPhase section */

/* Begin PBXShellScriptBuildPhase section */
		1E435D791A8DF56D0030523A /* ShellScript */ = {
			isa = PBXShellScriptBuildPhase;
			buildActionMask = 2147483647;
			files = (
			);
			inputPaths = (
			);
			outputPaths = (
			);
			runOnlyForDeploymentPostprocessing = 0;
			shellPath = /bin/sh;
			shellScript = "if [ $CONFIGURATION != Release ]; then\necho \"Bumping build number...\"\nplist=${PROJECT_DIR}/${INFOPLIST_FILE}\n\n#increment the build number (ie 115 to 116)\nbuildnum=$(/usr/libexec/PlistBuddy -c \"Print CFBundleVersion\" \"${plist}\")\nif [[ \"${buildnum}\" == \"\" ]]; then\necho \"No build number in $plist\"\nexit 2\nfi\n\nbuildnum=$(expr $buildnum + 0001)\n/usr/libexec/Plistbuddy -c \"Set CFBundleVersion $buildnum\" \"${plist}\"\necho \"Bumped build number to $buildnum\"\n\nelse\necho $CONFIGURATION \" build - Not bumping build number.\"\nfi\n";
		};
/* End PBXShellScriptBuildPhase section */

/* Begin PBXSourcesBuildPhase section */
		1EB1422F1A8B3ACC000B3FA9 /* Sources */ = {
			isa = PBXSourcesBuildPhase;
			buildActionMask = 2147483647;
			files = (
				1E1A2E131A8DD998008368F0 /* RightMenuViewController.m in Sources */,
				1E1A2E1F1A8DE01B008368F0 /* CYRTextStorage.m in Sources */,
				1EDBD1001A8CAAA900DB5FDB /* BAENTabItem.m in Sources */,
				1E1A2E2B1A8DE281008368F0 /* CTest1.m in Sources */,
				1E435D831A8DF9300030523A /* SyntaxHighlightTextStorage.m in Sources */,
				1E4951C11A8DCF3700AA73CD /* FirstViewController.m in Sources */,
				1E1A2E211A8DE01B008368F0 /* CYRToken.m in Sources */,
				1E1A2E311A8DE466008368F0 /* ThirdViewController.m in Sources */,
				1E4951CA1A8DD15C00AA73CD /* RootViewController.m in Sources */,
				1E435D841A8DF9300030523A /* TimeIndicatorView.m in Sources */,
				1E4951BB1A8DCCE600AA73CD /* UIViewController+RESideMenu.m in Sources */,
				1E435D881A8DFB410030523A /* UIColor+Colorful.m in Sources */,
				1E1A2E1E1A8DE01B008368F0 /* CYRLayoutManager.m in Sources */,
				1E4951B91A8DCCE600AA73CD /* RECommonFunctions.m in Sources */,
				1EDBD1011A8CAAA900DB5FDB /* BAENTabView.m in Sources */,
				1E1A2E121A8DD998008368F0 /* LeftMenuViewController.m in Sources */,
				1EB1423C1A8B3ACC000B3FA9 /* AppDelegate.m in Sources */,
				1E1A2E2E1A8DE401008368F0 /* CCodeViewerVC.m in Sources */,
				1E1A2E201A8DE01B008368F0 /* CYRTextView.m in Sources */,
				1EB142391A8B3ACC000B3FA9 /* main.m in Sources */,
				1E435D7D1A8DF7630030523A /* Materials.m in Sources */,
				1E4951C71A8DD0D600AA73CD /* SecondViewController.m in Sources */,
				1E1A2E241A8DE02A008368F0 /* QEDTextView.m in Sources */,
				1E4951BA1A8DCCE600AA73CD /* RESideMenu.m in Sources */,
			);
			runOnlyForDeploymentPostprocessing = 0;
		};
		1EB142481A8B3ACC000B3FA9 /* Sources */ = {
			isa = PBXSourcesBuildPhase;
			buildActionMask = 2147483647;
			files = (
				1EB142531A8B3ACC000B3FA9 /* iMEUMTests.m in Sources */,
			);
			runOnlyForDeploymentPostprocessing = 0;
		};
/* End PBXSourcesBuildPhase section */

/* Begin PBXTargetDependency section */
		1EB1424E1A8B3ACC000B3FA9 /* PBXTargetDependency */ = {
			isa = PBXTargetDependency;
			target = 1EB142321A8B3ACC000B3FA9 /* iMEUM */;
			targetProxy = 1EB1424D1A8B3ACC000B3FA9 /* PBXContainerItemProxy */;
		};
/* End PBXTargetDependency section */

/* Begin PBXVariantGroup section */
		1EB142401A8B3ACC000B3FA9 /* Main.storyboard */ = {
			isa = PBXVariantGroup;
			children = (
				1EB142411A8B3ACC000B3FA9 /* Base */,
			);
			name = Main.storyboard;
			sourceTree = "<group>";
		};
		1EB142451A8B3ACC000B3FA9 /* LaunchScreen.xib */ = {
			isa = PBXVariantGroup;
			children = (
				1EB142461A8B3ACC000B3FA9 /* Base */,
			);
			name = LaunchScreen.xib;
			sourceTree = "<group>";
		};
/* End PBXVariantGroup section */

/* Begin XCBuildConfiguration section */
		1EB142541A8B3ACC000B3FA9 /* Debug */ = {
			isa = XCBuildConfiguration;
			buildSettings = {
				ALWAYS_SEARCH_USER_PATHS = NO;
				CLANG_CXX_LANGUAGE_STANDARD = "gnu++0x";
				CLANG_CXX_LIBRARY = "libc++";
				CLANG_ENABLE_MODULES = YES;
				CLANG_ENABLE_OBJC_ARC = YES;
				CLANG_WARN_BOOL_CONVERSION = YES;
				CLANG_WARN_CONSTANT_CONVERSION = YES;
				CLANG_WARN_DIRECT_OBJC_ISA_USAGE = YES_ERROR;
				CLANG_WARN_EMPTY_BODY = YES;
				CLANG_WARN_ENUM_CONVERSION = YES;
				CLANG_WARN_INT_CONVERSION = YES;
				CLANG_WARN_OBJC_ROOT_CLASS = YES_ERROR;
				CLANG_WARN_UNREACHABLE_CODE = YES;
				CLANG_WARN__DUPLICATE_METHOD_MATCH = YES;
				"CODE_SIGN_IDENTITY[sdk=iphoneos*]" = "";
				COPY_PHASE_STRIP = NO;
				ENABLE_STRICT_OBJC_MSGSEND = YES;
				GCC_C_LANGUAGE_STANDARD = gnu99;
				GCC_DYNAMIC_NO_PIC = NO;
				GCC_OPTIMIZATION_LEVEL = 0;
				GCC_PREPROCESSOR_DEFINITIONS = (
					"DEBUG=1",
					"$(inherited)",
				);
				GCC_SYMBOLS_PRIVATE_EXTERN = NO;
				GCC_WARN_64_TO_32_BIT_CONVERSION = YES;
				GCC_WARN_ABOUT_RETURN_TYPE = YES_ERROR;
				GCC_WARN_UNDECLARED_SELECTOR = YES;
				GCC_WARN_UNINITIALIZED_AUTOS = YES_AGGRESSIVE;
				GCC_WARN_UNUSED_FUNCTION = YES;
				GCC_WARN_UNUSED_VARIABLE = YES;
				IPHONEOS_DEPLOYMENT_TARGET = 8.1;
				MTL_ENABLE_DEBUG_INFO = YES;
				ONLY_ACTIVE_ARCH = YES;
				PROVISIONING_PROFILE = "2d5d032a-ea6d-4ce6-b022-35f6cf23940d";
				SDKROOT = iphoneos;
			};
			name = Debug;
		};
		1EB142551A8B3ACC000B3FA9 /* Release */ = {
			isa = XCBuildConfiguration;
			buildSettings = {
				ALWAYS_SEARCH_USER_PATHS = NO;
				CLANG_CXX_LANGUAGE_STANDARD = "gnu++0x";
				CLANG_CXX_LIBRARY = "libc++";
				CLANG_ENABLE_MODULES = YES;
				CLANG_ENABLE_OBJC_ARC = YES;
				CLANG_WARN_BOOL_CONVERSION = YES;
				CLANG_WARN_CONSTANT_CONVERSION = YES;
				CLANG_WARN_DIRECT_OBJC_ISA_USAGE = YES_ERROR;
				CLANG_WARN_EMPTY_BODY = YES;
				CLANG_WARN_ENUM_CONVERSION = YES;
				CLANG_WARN_INT_CONVERSION = YES;
				CLANG_WARN_OBJC_ROOT_CLASS = YES_ERROR;
				CLANG_WARN_UNREACHABLE_CODE = YES;
				CLANG_WARN__DUPLICATE_METHOD_MATCH = YES;
				"CODE_SIGN_IDENTITY[sdk=iphoneos*]" = "";
				COPY_PHASE_STRIP = YES;
				ENABLE_NS_ASSERTIONS = NO;
				ENABLE_STRICT_OBJC_MSGSEND = YES;
				GCC_C_LANGUAGE_STANDARD = gnu99;
				GCC_WARN_64_TO_32_BIT_CONVERSION = YES;
				GCC_WARN_ABOUT_RETURN_TYPE = YES_ERROR;
				GCC_WARN_UNDECLARED_SELECTOR = YES;
				GCC_WARN_UNINITIALIZED_AUTOS = YES_AGGRESSIVE;
				GCC_WARN_UNUSED_FUNCTION = YES;
				GCC_WARN_UNUSED_VARIABLE = YES;
				IPHONEOS_DEPLOYMENT_TARGET = 8.1;
				MTL_ENABLE_DEBUG_INFO = NO;
				PROVISIONING_PROFILE = "2d5d032a-ea6d-4ce6-b022-35f6cf23940d";
				SDKROOT = iphoneos;
				VALIDATE_PRODUCT = YES;
			};
			name = Release;
		};
		1EB142571A8B3ACC000B3FA9 /* Debug */ = {
			isa = XCBuildConfiguration;
			buildSettings = {
				ALTERNATE_OWNER = "Loi Wu";
				ASSETCATALOG_COMPILER_APPICON_NAME = AppIcon;
				CODE_SIGN_IDENTITY = "";
				INFOPLIST_FILE = iMEUM/Info.plist;
				INSTALL_OWNER = "Loi Wu";
				LD_RUNPATH_SEARCH_PATHS = "$(inherited) @executable_path/Frameworks";
				PRODUCT_NAME = "$(TARGET_NAME)";
			};
			name = Debug;
		};
		1EB142581A8B3ACC000B3FA9 /* Release */ = {
			isa = XCBuildConfiguration;
			buildSettings = {
				ALTERNATE_OWNER = "Loi Wu";
				ASSETCATALOG_COMPILER_APPICON_NAME = AppIcon;
				CODE_SIGN_IDENTITY = "";
				INFOPLIST_FILE = iMEUM/Info.plist;
				INSTALL_OWNER = "Loi Wu";
				LD_RUNPATH_SEARCH_PATHS = "$(inherited) @executable_path/Frameworks";
				PRODUCT_NAME = "$(TARGET_NAME)";
			};
			name = Release;
		};
		1EB1425A1A8B3ACC000B3FA9 /* Debug */ = {
			isa = XCBuildConfiguration;
			buildSettings = {
				BUNDLE_LOADER = "$(TEST_HOST)";
				FRAMEWORK_SEARCH_PATHS = (
					"$(SDKROOT)/Developer/Library/Frameworks",
					"$(inherited)",
				);
				GCC_PREPROCESSOR_DEFINITIONS = (
					"DEBUG=1",
					"$(inherited)",
				);
				INFOPLIST_FILE = iMEUMTests/Info.plist;
				LD_RUNPATH_SEARCH_PATHS = "$(inherited) @executable_path/Frameworks @loader_path/Frameworks";
				PRODUCT_NAME = "$(TARGET_NAME)";
				TEST_HOST = "$(BUILT_PRODUCTS_DIR)/iMEUM.app/iMEUM";
			};
			name = Debug;
		};
		1EB1425B1A8B3ACC000B3FA9 /* Release */ = {
			isa = XCBuildConfiguration;
			buildSettings = {
				BUNDLE_LOADER = "$(TEST_HOST)";
				FRAMEWORK_SEARCH_PATHS = (
					"$(SDKROOT)/Developer/Library/Frameworks",
					"$(inherited)",
				);
				INFOPLIST_FILE = iMEUMTests/Info.plist;
				LD_RUNPATH_SEARCH_PATHS = "$(inherited) @executable_path/Frameworks @loader_path/Frameworks";
				PRODUCT_NAME = "$(TARGET_NAME)";
				TEST_HOST = "$(BUILT_PRODUCTS_DIR)/iMEUM.app/iMEUM";
			};
			name = Release;
		};
/* End XCBuildConfiguration section */

/* Begin XCConfigurationList section */
		1EB1422E1A8B3ACC000B3FA9 /* Build configuration list for PBXProject "iMEUM" */ = {
			isa = XCConfigurationList;
			buildConfigurations = (
				1EB142541A8B3ACC000B3FA9 /* Debug */,
				1EB142551A8B3ACC000B3FA9 /* Release */,
			);
			defaultConfigurationIsVisible = 0;
			defaultConfigurationName = Release;
		};
		1EB142561A8B3ACC000B3FA9 /* Build configuration list for PBXNativeTarget "iMEUM" */ = {
			isa = XCConfigurationList;
			buildConfigurations = (
				1EB142571A8B3ACC000B3FA9 /* Debug */,
				1EB142581A8B3ACC000B3FA9 /* Release */,
			);
			defaultConfigurationIsVisible = 0;
			defaultConfigurationName = Release;
		};
		1EB142591A8B3ACC000B3FA9 /* Build configuration list for PBXNativeTarget "iMEUMTests" */ = {
			isa = XCConfigurationList;
			buildConfigurations = (
				1EB1425A1A8B3ACC000B3FA9 /* Debug */,
				1EB1425B1A8B3ACC000B3FA9 /* Release */,
			);
			defaultConfigurationIsVisible = 0;
			defaultConfigurationName = Release;
		};
/* End XCConfigurationList section */
	};
	rootObject = 1EB1422B1A8B3ACC000B3FA9 /* Project object */;
}
